
Microsoft Visual Studio Solution File, Format Version 12.00
# Visual Studio 15
VisualStudioVersion = 15.0.28307.421
MinimumVisualStudioVersion = 10.0.40219.1
Project("{FAE04EC0-301F-11D3-BF4B-00C04F79EFBC}") = "AppManager", "AppManager\AppManager.csproj", "{83B2A444-65DF-4835-8643-3146EC41F570}"
EndProject
Global
	GlobalSection(SolutionConfigurationPlatforms) = preSolution
		Debug|Any CPU = Debug|Any CPU
		Release|Any CPU = Release|Any CPU
	EndGlobalSection
	GlobalSection(ProjectConfigurationPlatforms) = postSolution
		{83B2A444-65DF-4835-8643-3146EC41F570}.Debug|Any CPU.ActiveCfg = Debug|Any CPU
		{83B2A444-65DF-4835-8643-3146EC41F570}.Debug|Any CPU.Build.0 = Debug|Any CPU
		{83B2A444-65DF-4835-8643-3146EC41F570}.Release|Any CPU.ActiveCfg = Release|Any CPU
		{83B2A444-65DF-4835-8643-3146EC41F570}.Release|Any CPU.Build.0 = Release|Any CPU
	EndGlobalSection
	GlobalSection(SolutionProperties) = preSolution
		HideSolutionNode = FALSE
	EndGlobalSection
	GlobalSection(ExtensibilityGlobals) = postSolution
		SolutionGuid = {0E9549AC-5E47-4730-8311-0A80157BAE81}
	EndGlobalSection
EndGlobal
